<?xml version="1.0" encoding="utf-8"?>
<Project ToolsVersion="4.0" xmlns="http://schemas.microsoft.com/developer/msbuild/2003">
  <ItemGroup>
    <Filter Include="Source Files">
      <UniqueIdentifier>{1f740157-cba1-46ed-913f-d7ad4a96333a}</UniqueIdentifier>
    </Filter>
    <Filter Include="Generated Files">
      <UniqueIdentifier>{b25f889f-fd79-4514-8503-780b936f355d}</UniqueIdentifier>
      <SourceControlFiles>False</SourceControlFiles>
    </Filter>
  </ItemGroup>
  <ItemGroup>
    <None Include="ManagerPermATLComps.def" />
  </ItemGroup>
  <ItemGroup>
    <ClCompile Include="ManagerPermATLCom_i.c">
      <Filter>Generated Files</Filter>
    </ClCompile>
    <ClCompile Include="ManagerPermATLCom_p.c">
      <Filter>Generated Files</Filter>
    </ClCompile>
    <ClCompile Include="dlldata.c">
      <Filter>Generated Files</Filter>
    </ClCompile>
  </ItemGroup>
</Project>